
Microsoft Visual Studio Solution File, Format Version 12.00
# Visual Studio Version 17
VisualStudioVersion = 17.5.002.0
MinimumVisualStudioVersion = 10.0.40219.1
Project("{9A19103F-16F7-4668-BE54-9A1E7A4F7556}") = "problems-res", "problems-res.csproj", "{DF271097-5CF4-4F92-8A9F-F292EA4ABFDF}"
EndProject
Global
	GlobalSection(SolutionConfigurationPlatforms) = preSolution
		Debug|Any CPU = Debug|Any CPU
		Release|Any CPU = Release|Any CPU
	EndGlobalSection
	GlobalSection(ProjectConfigurationPlatforms) = postSolution
		{DF271097-5CF4-4F92-8A9F-F292EA4ABFDF}.Debug|Any CPU.ActiveCfg = Debug|Any CPU
		{DF271097-5CF4-4F92-8A9F-F292EA4ABFDF}.Debug|Any CPU.Build.0 = Debug|Any CPU
		{DF271097-5CF4-4F92-8A9F-F292EA4ABFDF}.Release|Any CPU.ActiveCfg = Release|Any CPU
		{DF271097-5CF4-4F92-8A9F-F292EA4ABFDF}.Release|Any CPU.Build.0 = Release|Any CPU
	EndGlobalSection
	GlobalSection(SolutionProperties) = preSolution
		HideSolutionNode = FALSE
	EndGlobalSection
	GlobalSection(ExtensibilityGlobals) = postSolution
		SolutionGuid = {532F67F9-E83D-4D33-835A-00D678850AB8}
	EndGlobalSection
EndGlobal
